
Microsoft Visual Studio Solution File, Format Version 12.00
# Visual Studio Version 17
VisualStudioVersion = 17.0.31825.309
MinimumVisualStudioVersion = 10.0.40219.1
Project("{FAE04EC0-301F-11D3-BF4B-00C04F79EFBC}") = "formulaInfo", "formulaInfo.csproj", "{B2609CFC-0D67-47E2-9566-32A00A9B2AC5}"
EndProject
Global
	GlobalSection(SolutionConfigurationPlatforms) = preSolution
		Debug|Any CPU = Debug|Any CPU
		Release|Any CPU = Release|Any CPU
	EndGlobalSection
	GlobalSection(ProjectConfigurationPlatforms) = postSolution
		{B2609CFC-0D67-47E2-9566-32A00A9B2AC5}.Debug|Any CPU.ActiveCfg = Debug|Any CPU
		{B2609CFC-0D67-47E2-9566-32A00A9B2AC5}.Debug|Any CPU.Build.0 = Debug|Any CPU
		{B2609CFC-0D67-47E2-9566-32A00A9B2AC5}.Release|Any CPU.ActiveCfg = Release|Any CPU
		{B2609CFC-0D67-47E2-9566-32A00A9B2AC5}.Release|Any CPU.Build.0 = Release|Any CPU
	EndGlobalSection
	GlobalSection(SolutionProperties) = preSolution
		HideSolutionNode = FALSE
	EndGlobalSection
	GlobalSection(ExtensibilityGlobals) = postSolution
		SolutionGuid = {08A417C3-39E0-4471-B6F9-BB9E696800B2}
	EndGlobalSection
EndGlobal
